
Microsoft Visual Studio Solution File, Format Version 12.00
Project("{FAE04EC0-301F-11D3-BF4B-00C04F79EFBC}") = "CLRHost", "CLRHost.csproj", "{56748025-7FA0-4EA4-9BBD-469B431E54EE}"
EndProject
Global
	GlobalSection(SolutionConfigurationPlatforms) = preSolution
		Debug|Any CPU = Debug|Any CPU
		Release|Any CPU = Release|Any CPU
	EndGlobalSection
	GlobalSection(ProjectConfigurationPlatforms) = postSolution
		{56748025-7FA0-4EA4-9BBD-469B431E54EE}.Debug|Any CPU.ActiveCfg = Debug|Any CPU
		{56748025-7FA0-4EA4-9BBD-469B431E54EE}.Debug|Any CPU.Build.0 = Debug|Any CPU
		{56748025-7FA0-4EA4-9BBD-469B431E54EE}.Release|Any CPU.ActiveCfg = Release|Any CPU
		{56748025-7FA0-4EA4-9BBD-469B431E54EE}.Release|Any CPU.Build.0 = Release|Any CPU
	EndGlobalSection
EndGlobal
